
Microsoft Visual Studio Solution File, Format Version 12.00
# Visual Studio Version 16
VisualStudioVersion = 16.0.29418.71
MinimumVisualStudioVersion = 10.0.40219.1
Project("{FAE04EC0-301F-11D3-BF4B-00C04F79EFBC}") = "1714mswanson2f", "1714mswanson2f\1714mswanson2f.csproj", "{98F048BD-1ABD-4EF5-B11D-900C51A95420}"
EndProject
Project("{2150E333-8FDC-42A3-9474-1A3956D46DE8}") = "Solution Items", "Solution Items", "{A1864BD3-4F9B-4C6B-84AC-6C9A802DC670}"
	ProjectSection(SolutionItems) = preProject
		.gitattributes = .gitattributes
		.gitignore = .gitignore
	EndProjectSection
EndProject
Project("{FAE04EC0-301F-11D3-BF4B-00C04F79EFBC}") = "1714mswanson2g", "1714mswanson2g\1714mswanson2g.csproj", "{65E77EBE-C45B-4E3A-BB24-234D700DAAB2}"
EndProject
Project("{FAE04EC0-301F-11D3-BF4B-00C04F79EFBC}") = "1714mswanson2h", "1714mswanson2h\1714mswanson2h.csproj", "{257F21AE-4045-47B6-A290-25E36BE9ECFD}"
EndProject
Project("{FAE04EC0-301F-11D3-BF4B-00C04F79EFBC}") = "1714mswanson3a1", "1714mswanson3a1\1714mswanson3a1.csproj", "{2C943E1A-B9B4-47F6-948F-E86CA625DF78}"
EndProject
Project("{FAE04EC0-301F-11D3-BF4B-00C04F79EFBC}") = "1714mswanson2g2", "1714mswanson2g2\1714mswanson2g2.csproj", "{4B8A242B-F6C2-49B6-8C97-2B9A39920467}"
EndProject
Project("{FAE04EC0-301F-11D3-BF4B-00C04F79EFBC}") = "1714mswanson3a2", "1714mswanson3a2\1714mswanson3a2.csproj", "{A8963F27-C184-471D-B5FB-B5A0B9AF8BA1}"
EndProject
Global
	GlobalSection(SolutionConfigurationPlatforms) = preSolution
		Debug|Any CPU = Debug|Any CPU
		Release|Any CPU = Release|Any CPU
	EndGlobalSection
	GlobalSection(ProjectConfigurationPlatforms) = postSolution
		{98F048BD-1ABD-4EF5-B11D-900C51A95420}.Debug|Any CPU.ActiveCfg = Debug|Any CPU
		{98F048BD-1ABD-4EF5-B11D-900C51A95420}.Debug|Any CPU.Build.0 = Debug|Any CPU
		{98F048BD-1ABD-4EF5-B11D-900C51A95420}.Release|Any CPU.ActiveCfg = Release|Any CPU
		{98F048BD-1ABD-4EF5-B11D-900C51A95420}.Release|Any CPU.Build.0 = Release|Any CPU
		{65E77EBE-C45B-4E3A-BB24-234D700DAAB2}.Debug|Any CPU.ActiveCfg = Debug|Any CPU
		{65E77EBE-C45B-4E3A-BB24-234D700DAAB2}.Debug|Any CPU.Build.0 = Debug|Any CPU
		{65E77EBE-C45B-4E3A-BB24-234D700DAAB2}.Release|Any CPU.ActiveCfg = Release|Any CPU
		{65E77EBE-C45B-4E3A-BB24-234D700DAAB2}.Release|Any CPU.Build.0 = Release|Any CPU
		{257F21AE-4045-47B6-A290-25E36BE9ECFD}.Debug|Any CPU.ActiveCfg = Debug|Any CPU
		{257F21AE-4045-47B6-A290-25E36BE9ECFD}.Debug|Any CPU.Build.0 = Debug|Any CPU
		{257F21AE-4045-47B6-A290-25E36BE9ECFD}.Release|Any CPU.ActiveCfg = Release|Any CPU
		{257F21AE-4045-47B6-A290-25E36BE9ECFD}.Release|Any CPU.Build.0 = Release|Any CPU
		{2C943E1A-B9B4-47F6-948F-E86CA625DF78}.Debug|Any CPU.ActiveCfg = Debug|Any CPU
		{2C943E1A-B9B4-47F6-948F-E86CA625DF78}.Debug|Any CPU.Build.0 = Debug|Any CPU
		{2C943E1A-B9B4-47F6-948F-E86CA625DF78}.Release|Any CPU.ActiveCfg = Release|Any CPU
		{2C943E1A-B9B4-47F6-948F-E86CA625DF78}.Release|Any CPU.Build.0 = Release|Any CPU
		{4B8A242B-F6C2-49B6-8C97-2B9A39920467}.Debug|Any CPU.ActiveCfg = Debug|Any CPU
		{4B8A242B-F6C2-49B6-8C97-2B9A39920467}.Debug|Any CPU.Build.0 = Debug|Any CPU
		{4B8A242B-F6C2-49B6-8C97-2B9A39920467}.Release|Any CPU.ActiveCfg = Release|Any CPU
		{4B8A242B-F6C2-49B6-8C97-2B9A39920467}.Release|Any CPU.Build.0 = Release|Any CPU
		{A8963F27-C184-471D-B5FB-B5A0B9AF8BA1}.Debug|Any CPU.ActiveCfg = Debug|Any CPU
		{A8963F27-C184-471D-B5FB-B5A0B9AF8BA1}.Debug|Any CPU.Build.0 = Debug|Any CPU
		{A8963F27-C184-471D-B5FB-B5A0B9AF8BA1}.Release|Any CPU.ActiveCfg = Release|Any CPU
		{A8963F27-C184-471D-B5FB-B5A0B9AF8BA1}.Release|Any CPU.Build.0 = Release|Any CPU
	EndGlobalSection
	GlobalSection(SolutionProperties) = preSolution
		HideSolutionNode = FALSE
	EndGlobalSection
	GlobalSection(ExtensibilityGlobals) = postSolution
		SolutionGuid = {B40F531E-7BF1-4A25-95FA-CF74026FB7FD}
	EndGlobalSection
EndGlobal
